
Microsoft Visual Studio Solution File, Format Version 12.00
# Visual Studio 15
VisualStudioVersion = 15.0.28307.852
MinimumVisualStudioVersion = 10.0.40219.1
Project("{8BC9CEB8-8B4A-11D0-8D11-00A0C91BC942}") = "LTOEnc", "LTOEnc\LTOEnc.vcxproj", "{7980844A-FAF2-4381-A8FE-ACA0F13489A5}"
EndProject
Global
	GlobalSection(SolutionConfigurationPlatforms) = preSolution
		Debug|x64 = Debug|x64
		Debug|x86 = Debug|x86
		Release|x64 = Release|x64
		Release|x86 = Release|x86
	EndGlobalSection
	GlobalSection(ProjectConfigurationPlatforms) = postSolution
		{7980844A-FAF2-4381-A8FE-ACA0F13489A5}.Debug|x64.ActiveCfg = Debug|x64
		{7980844A-FAF2-4381-A8FE-ACA0F13489A5}.Debug|x64.Build.0 = Debug|x64
		{7980844A-FAF2-4381-A8FE-ACA0F13489A5}.Debug|x86.ActiveCfg = Debug|Win32
		{7980844A-FAF2-4381-A8FE-ACA0F13489A5}.Debug|x86.Build.0 = Debug|Win32
		{7980844A-FAF2-4381-A8FE-ACA0F13489A5}.Release|x64.ActiveCfg = Release|x64
		{7980844A-FAF2-4381-A8FE-ACA0F13489A5}.Release|x64.Build.0 = Release|x64
		{7980844A-FAF2-4381-A8FE-ACA0F13489A5}.Release|x86.ActiveCfg = Release|Win32
		{7980844A-FAF2-4381-A8FE-ACA0F13489A5}.Release|x86.Build.0 = Release|Win32
	EndGlobalSection
	GlobalSection(SolutionProperties) = preSolution
		HideSolutionNode = FALSE
	EndGlobalSection
	GlobalSection(ExtensibilityGlobals) = postSolution
		SolutionGuid = {F55710AD-71C1-428C-BC21-BD1B93176E4F}
	EndGlobalSection
EndGlobal
